
Microsoft Visual Studio Solution File, Format Version 12.00
# Visual Studio 15
VisualStudioVersion = 15.0.28307.421
MinimumVisualStudioVersion = 10.0.40219.1
Project("{FAE04EC0-301F-11D3-BF4B-00C04F79EFBC}") = "RestApi", "RestApi\RestApi.csproj", "{D8CFF6AB-A929-4A13-A691-4081DC3F0B9C}"
EndProject
Global
	GlobalSection(SolutionConfigurationPlatforms) = preSolution
		Debug|Any CPU = Debug|Any CPU
		Release|Any CPU = Release|Any CPU
	EndGlobalSection
	GlobalSection(ProjectConfigurationPlatforms) = postSolution
		{D8CFF6AB-A929-4A13-A691-4081DC3F0B9C}.Debug|Any CPU.ActiveCfg = Debug|Any CPU
		{D8CFF6AB-A929-4A13-A691-4081DC3F0B9C}.Debug|Any CPU.Build.0 = Debug|Any CPU
		{D8CFF6AB-A929-4A13-A691-4081DC3F0B9C}.Release|Any CPU.ActiveCfg = Release|Any CPU
		{D8CFF6AB-A929-4A13-A691-4081DC3F0B9C}.Release|Any CPU.Build.0 = Release|Any CPU
	EndGlobalSection
	GlobalSection(SolutionProperties) = preSolution
		HideSolutionNode = FALSE
	EndGlobalSection
	GlobalSection(ExtensibilityGlobals) = postSolution
		SolutionGuid = {A61EF7DD-370E-49B6-AC80-656B13A6DF7F}
	EndGlobalSection
EndGlobal
